# generated by rye
# use `rye lock` or `rye sync` to update this lockfile
#
# last locked with the following flags:
#   pre: false
#   features: []
#   all-features: false
#   with-sources: false

-e file:.
accelerate==0.30.0
    # via llava
    # via peft
aiofiles==23.2.1
    # via gradio
altair==5.3.0
    # via gradio
annotated-types==0.6.0
    # via pydantic
anyio==4.3.0
    # via httpx
    # via openai
    # via starlette
    # via watchfiles
appdirs==1.4.4
    # via wandb
attrs==23.2.0
    # via jsonschema
    # via referencing
bitsandbytes==0.43.1
    # via llava
certifi==2024.2.2
    # via httpcore
    # via httpx
    # via requests
    # via sentry-sdk
charset-normalizer==3.3.2
    # via requests
click==8.1.7
    # via typer
    # via uvicorn
    # via wandb
contourpy==1.2.1
    # via matplotlib
cycler==0.12.1
    # via matplotlib
deepspeed==0.14.2
    # via llava
distro==1.9.0
    # via openai
dnspython==2.6.1
    # via email-validator
docker-pycreds==0.4.0
    # via wandb
einops==0.8.0
    # via einops-exts
    # via llava
einops-exts==0.0.4
    # via llava
email-validator==2.1.1
    # via fastapi
exceptiongroup==1.2.1
    # via anyio
fastapi==0.111.0
    # via fastapi-cli
    # via gradio
    # via llava
fastapi-cli==0.0.2
    # via fastapi
ffmpy==0.3.2
    # via gradio
filelock==3.14.0
    # via huggingface-hub
    # via torch
    # via transformers
    # via triton
fonttools==4.51.0
    # via matplotlib
fsspec==2024.3.1
    # via gradio-client
    # via huggingface-hub
    # via torch
gitdb==4.0.11
    # via gitpython
gitpython==3.1.43
    # via wandb
gradio==4.29.0
    # via llava
gradio-client==0.16.1
    # via gradio
    # via llava
h11==0.14.0
    # via httpcore
    # via uvicorn
hjson==3.1.0
    # via deepspeed
httpcore==1.0.5
    # via httpx
httptools==0.6.1
    # via uvicorn
httpx==0.27.0
    # via fastapi
    # via gradio
    # via gradio-client
    # via llava
    # via openai
huggingface-hub==0.23.0
    # via accelerate
    # via gradio
    # via gradio-client
    # via peft
    # via timm
    # via tokenizers
    # via transformers
idna==3.7
    # via anyio
    # via email-validator
    # via httpx
    # via requests
importlib-resources==6.4.0
    # via gradio
jinja2==3.1.3
    # via altair
    # via fastapi
    # via gradio
    # via torch
joblib==1.4.2
    # via scikit-learn
jsonschema==4.22.0
    # via altair
jsonschema-specifications==2023.12.1
    # via jsonschema
kiwisolver==1.4.5
    # via matplotlib
markdown-it-py==3.0.0
    # via rich
markdown2==2.4.13
    # via llava
markupsafe==2.1.5
    # via gradio
    # via jinja2
matplotlib==3.8.4
    # via gradio
mdurl==0.1.2
    # via markdown-it-py
mpmath==1.3.0
    # via sympy
networkx==3.3
    # via torch
ninja==1.11.1.1
    # via deepspeed
    # via llava
numpy==1.26.4
    # via accelerate
    # via altair
    # via bitsandbytes
    # via contourpy
    # via deepspeed
    # via gradio
    # via llava
    # via matplotlib
    # via pandas
    # via peft
    # via scikit-learn
    # via scipy
    # via torchvision
    # via transformers
nvidia-cublas-cu11==11.11.3.6
    # via nvidia-cudnn-cu11
    # via nvidia-cusolver-cu11
    # via torch
nvidia-cuda-cupti-cu11==11.8.87
    # via torch
nvidia-cuda-nvrtc-cu11==11.8.89
    # via torch
nvidia-cuda-runtime-cu11==11.8.89
    # via torch
nvidia-cudnn-cu11==8.7.0.84
    # via torch
nvidia-cufft-cu11==10.9.0.58
    # via torch
nvidia-curand-cu11==10.3.0.86
    # via torch
nvidia-cusolver-cu11==11.4.1.48
    # via torch
nvidia-cusparse-cu11==11.7.5.86
    # via torch
nvidia-nccl-cu11==2.19.3
    # via torch
nvidia-nvtx-cu11==11.8.86
    # via torch
openai==1.25.1
    # via llava
orjson==3.10.3
    # via fastapi
    # via gradio
packaging==24.0
    # via accelerate
    # via altair
    # via deepspeed
    # via gradio
    # via gradio-client
    # via huggingface-hub
    # via matplotlib
    # via peft
    # via transformers
pandas==2.2.2
    # via altair
    # via gradio
peft==0.10.0
    # via llava
pillow==10.3.0
    # via gradio
    # via matplotlib
    # via torchvision
protobuf==4.25.3
    # via wandb
psutil==5.9.8
    # via accelerate
    # via deepspeed
    # via peft
    # via wandb
py-cpuinfo==9.0.0
    # via deepspeed
pydantic==2.7.1
    # via deepspeed
    # via fastapi
    # via gradio
    # via llava
    # via openai
pydantic-core==2.18.2
    # via pydantic
pydub==0.25.1
    # via gradio
pygments==2.18.0
    # via rich
pynvml==11.5.0
    # via deepspeed
pyparsing==3.1.2
    # via matplotlib
python-dateutil==2.9.0.post0
    # via matplotlib
    # via pandas
python-dotenv==1.0.1
    # via uvicorn
python-multipart==0.0.9
    # via fastapi
    # via gradio
pytz==2024.1
    # via pandas
pyyaml==6.0.1
    # via accelerate
    # via gradio
    # via huggingface-hub
    # via peft
    # via timm
    # via transformers
    # via uvicorn
    # via wandb
referencing==0.35.1
    # via jsonschema
    # via jsonschema-specifications
regex==2024.4.28
    # via transformers
requests==2.31.0
    # via huggingface-hub
    # via llava
    # via transformers
    # via wandb
rich==13.7.1
    # via typer
rpds-py==0.18.0
    # via jsonschema
    # via referencing
ruff==0.4.3
    # via gradio
safetensors==0.4.3
    # via accelerate
    # via peft
    # via timm
    # via transformers
scikit-learn==1.4.2
    # via llava
scipy==1.13.0
    # via scikit-learn
semantic-version==2.10.0
    # via gradio
sentencepiece==0.2.0
    # via llava
sentry-sdk==2.0.1
    # via wandb
setproctitle==1.3.3
    # via wandb
shellingham==1.5.4
    # via typer
shortuuid==1.0.13
    # via llava
six==1.16.0
    # via docker-pycreds
    # via python-dateutil
smmap==5.0.1
    # via gitdb
sniffio==1.3.1
    # via anyio
    # via httpx
    # via openai
starlette==0.37.2
    # via fastapi
sympy==1.12
    # via torch
threadpoolctl==3.5.0
    # via scikit-learn
timm==0.9.16
    # via llava
tokenizers==0.19.1
    # via llava
    # via transformers
tomlkit==0.12.0
    # via gradio
toolz==0.12.1
    # via altair
torch==2.2.2+cu118
    # via accelerate
    # via bitsandbytes
    # via deepspeed
    # via llava
    # via peft
    # via timm
    # via torchvision
torchvision==0.17.2+cu118
    # via llava
    # via timm
tqdm==4.66.4
    # via deepspeed
    # via huggingface-hub
    # via openai
    # via peft
    # via transformers
transformers @ git+https://github.com/huggingface/transformers
    # via llava
    # via peft
triton==2.2.0
    # via torch
typer==0.12.3
    # via fastapi-cli
    # via gradio
typing-extensions==4.11.0
    # via altair
    # via anyio
    # via fastapi
    # via gradio
    # via gradio-client
    # via huggingface-hub
    # via openai
    # via pydantic
    # via pydantic-core
    # via torch
    # via typer
    # via uvicorn
tzdata==2024.1
    # via pandas
ujson==5.9.0
    # via fastapi
urllib3==2.2.1
    # via gradio
    # via requests
    # via sentry-sdk
uvicorn==0.29.0
    # via fastapi
    # via fastapi-cli
    # via gradio
    # via llava
uvloop==0.19.0
    # via uvicorn
wandb==0.16.6
    # via llava
watchfiles==0.21.0
    # via uvicorn
websockets==11.0.3
    # via gradio-client
    # via uvicorn
setuptools==69.5.1
    # via wandb
